
Microsoft Visual Studio Solution File, Format Version 12.00
# Visual Studio 2013
VisualStudioVersion = 12.0.21005.1
MinimumVisualStudioVersion = 10.0.40219.1
Project("{FAE04EC0-301F-11D3-BF4B-00C04F79EFBC}") = "UnidecodeSharpFork", "UnidecodeSharpFork\UnidecodeSharpFork.csproj", "{0F44723B-6D5F-416B-926F-C9137FC21361}"
EndProject
Project("{FAE04EC0-301F-11D3-BF4B-00C04F79EFBC}") = "UnidecodeSharpFork.Test", "UnidecodeSharpFork.Test\UnidecodeSharpFork.Test.csproj", "{5AC6A7CB-5EC5-4DA2-BBBC-D3AC44AFAFAE}"
	ProjectSection(ProjectDependencies) = postProject
		{0F44723B-6D5F-416B-926F-C9137FC21361} = {0F44723B-6D5F-416B-926F-C9137FC21361}
	EndProjectSection
EndProject
Project("{2150E333-8FDC-42A3-9474-1A3956D46DE8}") = "Solution Items", "Solution Items", "{7120FC9C-EDA2-4E81-9A48-BC6152DA0C7C}"
	ProjectSection(SolutionItems) = preProject
		Local.testsettings = Local.testsettings
		TraceAndTestImpact.testsettings = TraceAndTestImpact.testsettings
		UnidecodeSharpFork.vsmdi = UnidecodeSharpFork.vsmdi
	EndProjectSection
EndProject
Global
	GlobalSection(SolutionConfigurationPlatforms) = preSolution
		Debug|Any CPU = Debug|Any CPU
		Release|Any CPU = Release|Any CPU
	EndGlobalSection
	GlobalSection(ProjectConfigurationPlatforms) = postSolution
		{0F44723B-6D5F-416B-926F-C9137FC21361}.Debug|Any CPU.ActiveCfg = Debug|Any CPU
		{0F44723B-6D5F-416B-926F-C9137FC21361}.Debug|Any CPU.Build.0 = Debug|Any CPU
		{0F44723B-6D5F-416B-926F-C9137FC21361}.Release|Any CPU.ActiveCfg = Release|Any CPU
		{0F44723B-6D5F-416B-926F-C9137FC21361}.Release|Any CPU.Build.0 = Release|Any CPU
		{5AC6A7CB-5EC5-4DA2-BBBC-D3AC44AFAFAE}.Debug|Any CPU.ActiveCfg = Debug|Any CPU
		{5AC6A7CB-5EC5-4DA2-BBBC-D3AC44AFAFAE}.Debug|Any CPU.Build.0 = Debug|Any CPU
		{5AC6A7CB-5EC5-4DA2-BBBC-D3AC44AFAFAE}.Release|Any CPU.ActiveCfg = Release|Any CPU
		{5AC6A7CB-5EC5-4DA2-BBBC-D3AC44AFAFAE}.Release|Any CPU.Build.0 = Release|Any CPU
	EndGlobalSection
	GlobalSection(SolutionProperties) = preSolution
		HideSolutionNode = FALSE
	EndGlobalSection
	GlobalSection(TestCaseManagementSettings) = postSolution
		CategoryFile = UnidecodeSharpFork.vsmdi
	EndGlobalSection
EndGlobal
